// !$*UTF8*$!
{
	archiveVersion = 1;
	classes = {
	};
	objectVersion = 56;
	objects = {

/* Begin PBXBuildFile section */
		7A7EC47B2B0799B30080B6DC /* Camera.swift in Sources */ = {isa = PBXBuildFile; fileRef = 7A7EC47A2B0799B30080B6DC /* Camera.swift */; };
		7A7EC47D2B079C0A0080B6DC /* GraphicsEncoder.swift in Sources */ = {isa = PBXBuildFile; fileRef = 7A7EC47C2B079C0A0080B6DC /* GraphicsEncoder.swift */; };
		7A7EC47F2B079CE40080B6DC /* PixelBufferProcessor.swift in Sources */ = {isa = PBXBuildFile; fileRef = 7A7EC47E2B079CE40080B6DC /* PixelBufferProcessor.swift */; };
		7A7EC4812B079EEA0080B6DC /* Operator.swift in Sources */ = {isa = PBXBuildFile; fileRef = 7A7EC4802B079EEA0080B6DC /* Operator.swift */; };
		7A7EC4862B079F2D0080B6DC /* Kernel.swift in Sources */ = {isa = PBXBuildFile; fileRef = 7A7EC4832B079F2D0080B6DC /* Kernel.swift */; };
		7A7EC4872B079F2D0080B6DC /* PassThrough.metal in Sources */ = {isa = PBXBuildFile; fileRef = 7A7EC4842B079F2D0080B6DC /* PassThrough.metal */; };
		7A7EC4882B079F2D0080B6DC /* KernelEncoder.swift in Sources */ = {isa = PBXBuildFile; fileRef = 7A7EC4852B079F2D0080B6DC /* KernelEncoder.swift */; };
		7AE68F7D2B04F6D400B0DC95 /* AppDelegate.swift in Sources */ = {isa = PBXBuildFile; fileRef = 7AE68F7C2B04F6D400B0DC95 /* AppDelegate.swift */; };
		7AE68F7F2B04F6D400B0DC95 /* SceneDelegate.swift in Sources */ = {isa = PBXBuildFile; fileRef = 7AE68F7E2B04F6D400B0DC95 /* SceneDelegate.swift */; };
		7AE68F812B04F6D400B0DC95 /* ViewController.swift in Sources */ = {isa = PBXBuildFile; fileRef = 7AE68F802B04F6D400B0DC95 /* ViewController.swift */; };
		7AE68F862B04F6D600B0DC95 /* Assets.xcassets in Resources */ = {isa = PBXBuildFile; fileRef = 7AE68F852B04F6D600B0DC95 /* Assets.xcassets */; };
		7AE68F892B04F6D600B0DC95 /* LaunchScreen.storyboard in Resources */ = {isa = PBXBuildFile; fileRef = 7AE68F872B04F6D600B0DC95 /* LaunchScreen.storyboard */; };
		7AE68F912B04FADE00B0DC95 /* RenderingView.swift in Sources */ = {isa = PBXBuildFile; fileRef = 7AE68F902B04FADE00B0DC95 /* RenderingView.swift */; };
		7AE68F952B0502E200B0DC95 /* Shaders.metal in Sources */ = {isa = PBXBuildFile; fileRef = 7AE68F942B0502E200B0DC95 /* Shaders.metal */; };
		A376F4142B26A058009F8888 /* PassThrough.swift in Sources */ = {isa = PBXBuildFile; fileRef = A376F4132B26A058009F8888 /* PassThrough.swift */; };
		A376F4162B26B4CD009F8888 /* VideoRecorder.swift in Sources */ = {isa = PBXBuildFile; fileRef = A376F4152B26B4CD009F8888 /* VideoRecorder.swift */; };
		A376F4182B26BE74009F8888 /* VideoViewController.swift in Sources */ = {isa = PBXBuildFile; fileRef = A376F4172B26BE74009F8888 /* VideoViewController.swift */; };
		A376F41A2B26ED96009F8888 /* FileUtil.swift in Sources */ = {isa = PBXBuildFile; fileRef = A376F4192B26ED96009F8888 /* FileUtil.swift */; };
/* End PBXBuildFile section */

/* Begin PBXFileReference section */
		7A7EC47A2B0799B30080B6DC /* Camera.swift */ = {isa = PBXFileReference; lastKnownFileType = sourcecode.swift; path = Camera.swift; sourceTree = "<group>"; };
		7A7EC47C2B079C0A0080B6DC /* GraphicsEncoder.swift */ = {isa = PBXFileReference; lastKnownFileType = sourcecode.swift; path = GraphicsEncoder.swift; sourceTree = "<group>"; };
		7A7EC47E2B079CE40080B6DC /* PixelBufferProcessor.swift */ = {isa = PBXFileReference; lastKnownFileType = sourcecode.swift; path = PixelBufferProcessor.swift; sourceTree = "<group>"; };
		7A7EC4802B079EEA0080B6DC /* Operator.swift */ = {isa = PBXFileReference; lastKnownFileType = sourcecode.swift; path = Operator.swift; sourceTree = "<group>"; };
		7A7EC4832B079F2D0080B6DC /* Kernel.swift */ = {isa = PBXFileReference; fileEncoding = 4; lastKnownFileType = sourcecode.swift; path = Kernel.swift; sourceTree = "<group>"; };
		7A7EC4842B079F2D0080B6DC /* PassThrough.metal */ = {isa = PBXFileReference; fileEncoding = 4; lastKnownFileType = sourcecode.metal; path = PassThrough.metal; sourceTree = "<group>"; };
		7A7EC4852B079F2D0080B6DC /* KernelEncoder.swift */ = {isa = PBXFileReference; fileEncoding = 4; lastKnownFileType = sourcecode.swift; path = KernelEncoder.swift; sourceTree = "<group>"; };
		7AE68F792B04F6D400B0DC95 /* real-time stream.app */ = {isa = PBXFileReference; explicitFileType = wrapper.application; includeInIndex = 0; path = "real-time stream.app"; sourceTree = BUILT_PRODUCTS_DIR; };
		7AE68F7C2B04F6D400B0DC95 /* AppDelegate.swift */ = {isa = PBXFileReference; lastKnownFileType = sourcecode.swift; path = AppDelegate.swift; sourceTree = "<group>"; };
		7AE68F7E2B04F6D400B0DC95 /* SceneDelegate.swift */ = {isa = PBXFileReference; lastKnownFileType = sourcecode.swift; path = SceneDelegate.swift; sourceTree = "<group>"; };
		7AE68F802B04F6D400B0DC95 /* ViewController.swift */ = {isa = PBXFileReference; lastKnownFileType = sourcecode.swift; path = ViewController.swift; sourceTree = "<group>"; };
		7AE68F852B04F6D600B0DC95 /* Assets.xcassets */ = {isa = PBXFileReference; lastKnownFileType = folder.assetcatalog; path = Assets.xcassets; sourceTree = "<group>"; };
		7AE68F882B04F6D600B0DC95 /* Base */ = {isa = PBXFileReference; lastKnownFileType = file.storyboard; name = Base; path = Base.lproj/LaunchScreen.storyboard; sourceTree = "<group>"; };
		7AE68F8A2B04F6D600B0DC95 /* Info.plist */ = {isa = PBXFileReference; lastKnownFileType = text.plist.xml; path = Info.plist; sourceTree = "<group>"; };
		7AE68F902B04FADE00B0DC95 /* RenderingView.swift */ = {isa = PBXFileReference; lastKnownFileType = sourcecode.swift; path = RenderingView.swift; sourceTree = "<group>"; };
		7AE68F942B0502E200B0DC95 /* Shaders.metal */ = {isa = PBXFileReference; lastKnownFileType = sourcecode.metal; path = Shaders.metal; sourceTree = "<group>"; };
		A376F4132B26A058009F8888 /* PassThrough.swift */ = {isa = PBXFileReference; lastKnownFileType = sourcecode.swift; path = PassThrough.swift; sourceTree = "<group>"; };
		A376F4152B26B4CD009F8888 /* VideoRecorder.swift */ = {isa = PBXFileReference; lastKnownFileType = sourcecode.swift; path = VideoRecorder.swift; sourceTree = "<group>"; };
		A376F4172B26BE74009F8888 /* VideoViewController.swift */ = {isa = PBXFileReference; lastKnownFileType = sourcecode.swift; path = VideoViewController.swift; sourceTree = "<group>"; };
		A376F4192B26ED96009F8888 /* FileUtil.swift */ = {isa = PBXFileReference; lastKnownFileType = sourcecode.swift; path = FileUtil.swift; sourceTree = "<group>"; };
/* End PBXFileReference section */

/* Begin PBXFrameworksBuildPhase section */
		7AE68F762B04F6D400B0DC95 /* Frameworks */ = {
			isa = PBXFrameworksBuildPhase;
			buildActionMask = 2147483647;
			files = (
			);
			runOnlyForDeploymentPostprocessing = 0;
		};
/* End PBXFrameworksBuildPhase section */

/* Begin PBXGroup section */
		7A7EC4822B079F2D0080B6DC /* Kernel */ = {
			isa = PBXGroup;
			children = (
				7A7EC4832B079F2D0080B6DC /* Kernel.swift */,
				7A7EC4842B079F2D0080B6DC /* PassThrough.metal */,
				A376F4132B26A058009F8888 /* PassThrough.swift */,
				7A7EC4852B079F2D0080B6DC /* KernelEncoder.swift */,
			);
			path = Kernel;
			sourceTree = "<group>";
		};
		7A7EC48A2B079F6F0080B6DC /* Camera */ = {
			isa = PBXGroup;
			children = (
				7AE68F942B0502E200B0DC95 /* Shaders.metal */,
				7A7EC47A2B0799B30080B6DC /* Camera.swift */,
				7A7EC4802B079EEA0080B6DC /* Operator.swift */,
				7A7EC47C2B079C0A0080B6DC /* GraphicsEncoder.swift */,
				7A7EC47E2B079CE40080B6DC /* PixelBufferProcessor.swift */,
				A376F4152B26B4CD009F8888 /* VideoRecorder.swift */,
			);
			path = Camera;
			sourceTree = "<group>";
		};
		7A7EC48B2B079F8E0080B6DC /* SupportFile */ = {
			isa = PBXGroup;
			children = (
				7AE68F852B04F6D600B0DC95 /* Assets.xcassets */,
				7AE68F7E2B04F6D400B0DC95 /* SceneDelegate.swift */,
				7AE68F7C2B04F6D400B0DC95 /* AppDelegate.swift */,
				7AE68F872B04F6D600B0DC95 /* LaunchScreen.storyboard */,
			);
			path = SupportFile;
			sourceTree = "<group>";
		};
		7AE68F702B04F6D400B0DC95 = {
			isa = PBXGroup;
			children = (
				7AE68F7B2B04F6D400B0DC95 /* real-time stream */,
				7AE68F7A2B04F6D400B0DC95 /* Products */,
			);
			sourceTree = "<group>";
		};
		7AE68F7A2B04F6D400B0DC95 /* Products */ = {
			isa = PBXGroup;
			children = (
				7AE68F792B04F6D400B0DC95 /* real-time stream.app */,
			);
			name = Products;
			sourceTree = "<group>";
		};
		7AE68F7B2B04F6D400B0DC95 /* real-time stream */ = {
			isa = PBXGroup;
			children = (
				7AE68F802B04F6D400B0DC95 /* ViewController.swift */,
				A376F4172B26BE74009F8888 /* VideoViewController.swift */,
				7AE68F902B04FADE00B0DC95 /* RenderingView.swift */,
				A376F4192B26ED96009F8888 /* FileUtil.swift */,
				7A7EC48A2B079F6F0080B6DC /* Camera */,
				7A7EC4822B079F2D0080B6DC /* Kernel */,
				7A7EC48B2B079F8E0080B6DC /* SupportFile */,
				7AE68F8A2B04F6D600B0DC95 /* Info.plist */,
			);
			path = "real-time stream";
			sourceTree = "<group>";
		};
/* End PBXGroup section */

/* Begin PBXNativeTarget section */
		7AE68F782B04F6D400B0DC95 /* real-time stream */ = {
			isa = PBXNativeTarget;
			buildConfigurationList = 7AE68F8D2B04F6D600B0DC95 /* Build configuration list for PBXNativeTarget "real-time stream" */;
			buildPhases = (
				7AE68F752B04F6D400B0DC95 /* Sources */,
				7AE68F762B04F6D400B0DC95 /* Frameworks */,
				7AE68F772B04F6D400B0DC95 /* Resources */,
			);
			buildRules = (
			);
			dependencies = (
			);
			name = "real-time stream";
			productName = "real-time stream";
			productReference = 7AE68F792B04F6D400B0DC95 /* real-time stream.app */;
			productType = "com.apple.product-type.application";
		};
/* End PBXNativeTarget section */

/* Begin PBXProject section */
		7AE68F712B04F6D400B0DC95 /* Project object */ = {
			isa = PBXProject;
			attributes = {
				BuildIndependentTargetsInParallel = 1;
				LastSwiftUpdateCheck = 1500;
				LastUpgradeCheck = 1500;
				TargetAttributes = {
					7AE68F782B04F6D400B0DC95 = {
						CreatedOnToolsVersion = 15.0;
					};
				};
			};
			buildConfigurationList = 7AE68F742B04F6D400B0DC95 /* Build configuration list for PBXProject "real-time stream" */;
			compatibilityVersion = "Xcode 14.0";
			developmentRegion = en;
			hasScannedForEncodings = 0;
			knownRegions = (
				en,
				Base,
			);
			mainGroup = 7AE68F702B04F6D400B0DC95;
			productRefGroup = 7AE68F7A2B04F6D400B0DC95 /* Products */;
			projectDirPath = "";
			projectRoot = "";
			targets = (
				7AE68F782B04F6D400B0DC95 /* real-time stream */,
			);
		};
/* End PBXProject section */

/* Begin PBXResourcesBuildPhase section */
		7AE68F772B04F6D400B0DC95 /* Resources */ = {
			isa = PBXResourcesBuildPhase;
			buildActionMask = 2147483647;
			files = (
				7AE68F892B04F6D600B0DC95 /* LaunchScreen.storyboard in Resources */,
				7AE68F862B04F6D600B0DC95 /* Assets.xcassets in Resources */,
			);
			runOnlyForDeploymentPostprocessing = 0;
		};
/* End PBXResourcesBuildPhase section */

/* Begin PBXSourcesBuildPhase section */
		7AE68F752B04F6D400B0DC95 /* Sources */ = {
			isa = PBXSourcesBuildPhase;
			buildActionMask = 2147483647;
			files = (
				7A7EC4862B079F2D0080B6DC /* Kernel.swift in Sources */,
				7AE68F952B0502E200B0DC95 /* Shaders.metal in Sources */,
				7AE68F812B04F6D400B0DC95 /* ViewController.swift in Sources */,
				7A7EC47B2B0799B30080B6DC /* Camera.swift in Sources */,
				7A7EC47D2B079C0A0080B6DC /* GraphicsEncoder.swift in Sources */,
				A376F4162B26B4CD009F8888 /* VideoRecorder.swift in Sources */,
				7AE68F7D2B04F6D400B0DC95 /* AppDelegate.swift in Sources */,
				A376F41A2B26ED96009F8888 /* FileUtil.swift in Sources */,
				7A7EC4872B079F2D0080B6DC /* PassThrough.metal in Sources */,
				A376F4182B26BE74009F8888 /* VideoViewController.swift in Sources */,
				7A7EC4882B079F2D0080B6DC /* KernelEncoder.swift in Sources */,
				A376F4142B26A058009F8888 /* PassThrough.swift in Sources */,
				7A7EC47F2B079CE40080B6DC /* PixelBufferProcessor.swift in Sources */,
				7A7EC4812B079EEA0080B6DC /* Operator.swift in Sources */,
				7AE68F7F2B04F6D400B0DC95 /* SceneDelegate.swift in Sources */,
				7AE68F912B04FADE00B0DC95 /* RenderingView.swift in Sources */,
			);
			runOnlyForDeploymentPostprocessing = 0;
		};
/* End PBXSourcesBuildPhase section */

/* Begin PBXVariantGroup section */
		7AE68F872B04F6D600B0DC95 /* LaunchScreen.storyboard */ = {
			isa = PBXVariantGroup;
			children = (
				7AE68F882B04F6D600B0DC95 /* Base */,
			);
			name = LaunchScreen.storyboard;
			sourceTree = "<group>";
		};
/* End PBXVariantGroup section */

/* Begin XCBuildConfiguration section */
		7AE68F8B2B04F6D600B0DC95 /* Debug */ = {
			isa = XCBuildConfiguration;
			buildSettings = {
				ALWAYS_SEARCH_USER_PATHS = NO;
				ASSETCATALOG_COMPILER_GENERATE_SWIFT_ASSET_SYMBOL_EXTENSIONS = YES;
				CLANG_ANALYZER_NONNULL = YES;
				CLANG_ANALYZER_NUMBER_OBJECT_CONVERSION = YES_AGGRESSIVE;
				CLANG_CXX_LANGUAGE_STANDARD = "gnu++20";
				CLANG_ENABLE_MODULES = YES;
				CLANG_ENABLE_OBJC_ARC = YES;
				CLANG_ENABLE_OBJC_WEAK = YES;
				CLANG_WARN_BLOCK_CAPTURE_AUTORELEASING = YES;
				CLANG_WARN_BOOL_CONVERSION = YES;
				CLANG_WARN_COMMA = YES;
				CLANG_WARN_CONSTANT_CONVERSION = YES;
				CLANG_WARN_DEPRECATED_OBJC_IMPLEMENTATIONS = YES;
				CLANG_WARN_DIRECT_OBJC_ISA_USAGE = YES_ERROR;
				CLANG_WARN_DOCUMENTATION_COMMENTS = YES;
				CLANG_WARN_EMPTY_BODY = YES;
				CLANG_WARN_ENUM_CONVERSION = YES;
				CLANG_WARN_INFINITE_RECURSION = YES;
				CLANG_WARN_INT_CONVERSION = YES;
				CLANG_WARN_NON_LITERAL_NULL_CONVERSION = YES;
				CLANG_WARN_OBJC_IMPLICIT_RETAIN_SELF = YES;
				CLANG_WARN_OBJC_LITERAL_CONVERSION = YES;
				CLANG_WARN_OBJC_ROOT_CLASS = YES_ERROR;
				CLANG_WARN_QUOTED_INCLUDE_IN_FRAMEWORK_HEADER = YES;
				CLANG_WARN_RANGE_LOOP_ANALYSIS = YES;
				CLANG_WARN_STRICT_PROTOTYPES = YES;
				CLANG_WARN_SUSPICIOUS_MOVE = YES;
				CLANG_WARN_UNGUARDED_AVAILABILITY = YES_AGGRESSIVE;
				CLANG_WARN_UNREACHABLE_CODE = YES;
				CLANG_WARN__DUPLICATE_METHOD_MATCH = YES;
				COPY_PHASE_STRIP = NO;
				DEBUG_INFORMATION_FORMAT = dwarf;
				ENABLE_STRICT_OBJC_MSGSEND = YES;
				ENABLE_TESTABILITY = YES;
				ENABLE_USER_SCRIPT_SANDBOXING = YES;
				GCC_C_LANGUAGE_STANDARD = gnu17;
				GCC_DYNAMIC_NO_PIC = NO;
				GCC_NO_COMMON_BLOCKS = YES;
				GCC_OPTIMIZATION_LEVEL = 0;
				GCC_PREPROCESSOR_DEFINITIONS = (
					"DEBUG=1",
					"$(inherited)",
				);
				GCC_WARN_64_TO_32_BIT_CONVERSION = YES;
				GCC_WARN_ABOUT_RETURN_TYPE = YES_ERROR;
				GCC_WARN_UNDECLARED_SELECTOR = YES;
				GCC_WARN_UNINITIALIZED_AUTOS = YES_AGGRESSIVE;
				GCC_WARN_UNUSED_FUNCTION = YES;
				GCC_WARN_UNUSED_VARIABLE = YES;
				IPHONEOS_DEPLOYMENT_TARGET = 17.0;
				LOCALIZATION_PREFERS_STRING_CATALOGS = YES;
				MTL_ENABLE_DEBUG_INFO = INCLUDE_SOURCE;
				MTL_FAST_MATH = YES;
				ONLY_ACTIVE_ARCH = YES;
				SDKROOT = iphoneos;
				SWIFT_ACTIVE_COMPILATION_CONDITIONS = "DEBUG $(inherited)";
				SWIFT_OPTIMIZATION_LEVEL = "-Onone";
			};
			name = Debug;
		};
		7AE68F8C2B04F6D600B0DC95 /* Release */ = {
			isa = XCBuildConfiguration;
			buildSettings = {
				ALWAYS_SEARCH_USER_PATHS = NO;
				ASSETCATALOG_COMPILER_GENERATE_SWIFT_ASSET_SYMBOL_EXTENSIONS = YES;
				CLANG_ANALYZER_NONNULL = YES;
				CLANG_ANALYZER_NUMBER_OBJECT_CONVERSION = YES_AGGRESSIVE;
				CLANG_CXX_LANGUAGE_STANDARD = "gnu++20";
				CLANG_ENABLE_MODULES = YES;
				CLANG_ENABLE_OBJC_ARC = YES;
				CLANG_ENABLE_OBJC_WEAK = YES;
				CLANG_WARN_BLOCK_CAPTURE_AUTORELEASING = YES;
				CLANG_WARN_BOOL_CONVERSION = YES;
				CLANG_WARN_COMMA = YES;
				CLANG_WARN_CONSTANT_CONVERSION = YES;
				CLANG_WARN_DEPRECATED_OBJC_IMPLEMENTATIONS = YES;
				CLANG_WARN_DIRECT_OBJC_ISA_USAGE = YES_ERROR;
				CLANG_WARN_DOCUMENTATION_COMMENTS = YES;
				CLANG_WARN_EMPTY_BODY = YES;
				CLANG_WARN_ENUM_CONVERSION = YES;
				CLANG_WARN_INFINITE_RECURSION = YES;
				CLANG_WARN_INT_CONVERSION = YES;
				CLANG_WARN_NON_LITERAL_NULL_CONVERSION = YES;
				CLANG_WARN_OBJC_IMPLICIT_RETAIN_SELF = YES;
				CLANG_WARN_OBJC_LITERAL_CONVERSION = YES;
				CLANG_WARN_OBJC_ROOT_CLASS = YES_ERROR;
				CLANG_WARN_QUOTED_INCLUDE_IN_FRAMEWORK_HEADER = YES;
				CLANG_WARN_RANGE_LOOP_ANALYSIS = YES;
				CLANG_WARN_STRICT_PROTOTYPES = YES;
				CLANG_WARN_SUSPICIOUS_MOVE = YES;
				CLANG_WARN_UNGUARDED_AVAILABILITY = YES_AGGRESSIVE;
				CLANG_WARN_UNREACHABLE_CODE = YES;
				CLANG_WARN__DUPLICATE_METHOD_MATCH = YES;
				COPY_PHASE_STRIP = NO;
				DEBUG_INFORMATION_FORMAT = "dwarf-with-dsym";
				ENABLE_NS_ASSERTIONS = NO;
				ENABLE_STRICT_OBJC_MSGSEND = YES;
				ENABLE_USER_SCRIPT_SANDBOXING = YES;
				GCC_C_LANGUAGE_STANDARD = gnu17;
				GCC_NO_COMMON_BLOCKS = YES;
				GCC_WARN_64_TO_32_BIT_CONVERSION = YES;
				GCC_WARN_ABOUT_RETURN_TYPE = YES_ERROR;
				GCC_WARN_UNDECLARED_SELECTOR = YES;
				GCC_WARN_UNINITIALIZED_AUTOS = YES_AGGRESSIVE;
				GCC_WARN_UNUSED_FUNCTION = YES;
				GCC_WARN_UNUSED_VARIABLE = YES;
				IPHONEOS_DEPLOYMENT_TARGET = 17.0;
				LOCALIZATION_PREFERS_STRING_CATALOGS = YES;
				MTL_ENABLE_DEBUG_INFO = NO;
				MTL_FAST_MATH = YES;
				SDKROOT = iphoneos;
				SWIFT_COMPILATION_MODE = wholemodule;
				VALIDATE_PRODUCT = YES;
			};
			name = Release;
		};
		7AE68F8E2B04F6D600B0DC95 /* Debug */ = {
			isa = XCBuildConfiguration;
			buildSettings = {
				ASSETCATALOG_COMPILER_APPICON_NAME = AppIcon;
				ASSETCATALOG_COMPILER_GLOBAL_ACCENT_COLOR_NAME = AccentColor;
				CODE_SIGN_STYLE = Automatic;
				CURRENT_PROJECT_VERSION = 1;
				DEVELOPMENT_TEAM = SF9YWD6YY4;
				GENERATE_INFOPLIST_FILE = YES;
				INFOPLIST_FILE = "real-time stream/Info.plist";
				INFOPLIST_KEY_NSCameraUsageDescription = "camera access";
				INFOPLIST_KEY_UIApplicationSupportsIndirectInputEvents = YES;
				INFOPLIST_KEY_UILaunchStoryboardName = LaunchScreen;
				INFOPLIST_KEY_UIStatusBarStyle = "";
				INFOPLIST_KEY_UISupportedInterfaceOrientations = UIInterfaceOrientationPortrait;
				INFOPLIST_KEY_UISupportedInterfaceOrientations_iPad = "UIInterfaceOrientationLandscapeLeft UIInterfaceOrientationLandscapeRight UIInterfaceOrientationPortrait UIInterfaceOrientationPortraitUpsideDown";
				IPHONEOS_DEPLOYMENT_TARGET = 15.6;
				LD_RUNPATH_SEARCH_PATHS = (
					"$(inherited)",
					"@executable_path/Frameworks",
				);
				MARKETING_VERSION = 1.0;
				PRODUCT_BUNDLE_IDENTIFIER = "real-time-stream.real-time-stream";
				PRODUCT_NAME = "$(TARGET_NAME)";
				SUPPORTED_PLATFORMS = "iphoneos iphonesimulator";
				SUPPORTS_MACCATALYST = NO;
				SUPPORTS_MAC_DESIGNED_FOR_IPHONE_IPAD = NO;
				SWIFT_EMIT_LOC_STRINGS = YES;
				SWIFT_VERSION = 5.0;
				TARGETED_DEVICE_FAMILY = 1;
			};
			name = Debug;
		};
		7AE68F8F2B04F6D600B0DC95 /* Release */ = {
			isa = XCBuildConfiguration;
			buildSettings = {
				ASSETCATALOG_COMPILER_APPICON_NAME = AppIcon;
				ASSETCATALOG_COMPILER_GLOBAL_ACCENT_COLOR_NAME = AccentColor;
				CODE_SIGN_STYLE = Automatic;
				CURRENT_PROJECT_VERSION = 1;
				DEVELOPMENT_TEAM = SF9YWD6YY4;
				GENERATE_INFOPLIST_FILE = YES;
				INFOPLIST_FILE = "real-time stream/Info.plist";
				INFOPLIST_KEY_NSCameraUsageDescription = "camera access";
				INFOPLIST_KEY_UIApplicationSupportsIndirectInputEvents = YES;
				INFOPLIST_KEY_UILaunchStoryboardName = LaunchScreen;
				INFOPLIST_KEY_UIStatusBarStyle = "";
				INFOPLIST_KEY_UISupportedInterfaceOrientations = UIInterfaceOrientationPortrait;
				INFOPLIST_KEY_UISupportedInterfaceOrientations_iPad = "UIInterfaceOrientationLandscapeLeft UIInterfaceOrientationLandscapeRight UIInterfaceOrientationPortrait UIInterfaceOrientationPortraitUpsideDown";
				IPHONEOS_DEPLOYMENT_TARGET = 15.6;
				LD_RUNPATH_SEARCH_PATHS = (
					"$(inherited)",
					"@executable_path/Frameworks",
				);
				MARKETING_VERSION = 1.0;
				PRODUCT_BUNDLE_IDENTIFIER = "real-time-stream.real-time-stream";
				PRODUCT_NAME = "$(TARGET_NAME)";
				SUPPORTED_PLATFORMS = "iphoneos iphonesimulator";
				SUPPORTS_MACCATALYST = NO;
				SUPPORTS_MAC_DESIGNED_FOR_IPHONE_IPAD = NO;
				SWIFT_EMIT_LOC_STRINGS = YES;
				SWIFT_VERSION = 5.0;
				TARGETED_DEVICE_FAMILY = 1;
			};
			name = Release;
		};
/* End XCBuildConfiguration section */

/* Begin XCConfigurationList section */
		7AE68F742B04F6D400B0DC95 /* Build configuration list for PBXProject "real-time stream" */ = {
			isa = XCConfigurationList;
			buildConfigurations = (
				7AE68F8B2B04F6D600B0DC95 /* Debug */,
				7AE68F8C2B04F6D600B0DC95 /* Release */,
			);
			defaultConfigurationIsVisible = 0;
			defaultConfigurationName = Release;
		};
		7AE68F8D2B04F6D600B0DC95 /* Build configuration list for PBXNativeTarget "real-time stream" */ = {
			isa = XCConfigurationList;
			buildConfigurations = (
				7AE68F8E2B04F6D600B0DC95 /* Debug */,
				7AE68F8F2B04F6D600B0DC95 /* Release */,
			);
			defaultConfigurationIsVisible = 0;
			defaultConfigurationName = Release;
		};
/* End XCConfigurationList section */
	};
	rootObject = 7AE68F712B04F6D400B0DC95 /* Project object */;
}
